
Microsoft Visual Studio Solution File, Format Version 12.00
# Visual Studio Version 16
VisualStudioVersion = 16.0.31205.134
MinimumVisualStudioVersion = 10.0.40219.1
Project("{9A19103F-16F7-4668-BE54-9A1E7A4F7556}") = "DesafioCambio.API", "DesafioCambio.API\DesafioCambio.API.csproj", "{F67822AB-171D-4FC9-8EE2-E3CF715AE315}"
	ProjectSection(ProjectDependencies) = postProject
		{D15A4625-F336-4B3F-B49C-26E02C6A2D1F} = {D15A4625-F336-4B3F-B49C-26E02C6A2D1F}
		{3FAC0E78-DE51-44AF-8851-2A99AAD0E2A5} = {3FAC0E78-DE51-44AF-8851-2A99AAD0E2A5}
	EndProjectSection
EndProject
Project("{9A19103F-16F7-4668-BE54-9A1E7A4F7556}") = "DesafioCambio.Base", "DesafioCambio.Base\DesafioCambio.Base.csproj", "{3FAC0E78-DE51-44AF-8851-2A99AAD0E2A5}"
EndProject
Project("{9A19103F-16F7-4668-BE54-9A1E7A4F7556}") = "DesafioCambio.Aplicacao", "DesafioCambio.Aplicacao\DesafioCambio.Aplicacao.csproj", "{D15A4625-F336-4B3F-B49C-26E02C6A2D1F}"
	ProjectSection(ProjectDependencies) = postProject
		{3FAC0E78-DE51-44AF-8851-2A99AAD0E2A5} = {3FAC0E78-DE51-44AF-8851-2A99AAD0E2A5}
	EndProjectSection
EndProject
Global
	GlobalSection(SolutionConfigurationPlatforms) = preSolution
		Debug|Any CPU = Debug|Any CPU
		Release|Any CPU = Release|Any CPU
	EndGlobalSection
	GlobalSection(ProjectConfigurationPlatforms) = postSolution
		{F67822AB-171D-4FC9-8EE2-E3CF715AE315}.Debug|Any CPU.ActiveCfg = Debug|Any CPU
		{F67822AB-171D-4FC9-8EE2-E3CF715AE315}.Debug|Any CPU.Build.0 = Debug|Any CPU
		{F67822AB-171D-4FC9-8EE2-E3CF715AE315}.Release|Any CPU.ActiveCfg = Release|Any CPU
		{F67822AB-171D-4FC9-8EE2-E3CF715AE315}.Release|Any CPU.Build.0 = Release|Any CPU
		{3FAC0E78-DE51-44AF-8851-2A99AAD0E2A5}.Debug|Any CPU.ActiveCfg = Debug|Any CPU
		{3FAC0E78-DE51-44AF-8851-2A99AAD0E2A5}.Debug|Any CPU.Build.0 = Debug|Any CPU
		{3FAC0E78-DE51-44AF-8851-2A99AAD0E2A5}.Release|Any CPU.ActiveCfg = Release|Any CPU
		{3FAC0E78-DE51-44AF-8851-2A99AAD0E2A5}.Release|Any CPU.Build.0 = Release|Any CPU
		{D15A4625-F336-4B3F-B49C-26E02C6A2D1F}.Debug|Any CPU.ActiveCfg = Debug|Any CPU
		{D15A4625-F336-4B3F-B49C-26E02C6A2D1F}.Debug|Any CPU.Build.0 = Debug|Any CPU
		{D15A4625-F336-4B3F-B49C-26E02C6A2D1F}.Release|Any CPU.ActiveCfg = Release|Any CPU
		{D15A4625-F336-4B3F-B49C-26E02C6A2D1F}.Release|Any CPU.Build.0 = Release|Any CPU
	EndGlobalSection
	GlobalSection(SolutionProperties) = preSolution
		HideSolutionNode = FALSE
	EndGlobalSection
	GlobalSection(ExtensibilityGlobals) = postSolution
		SolutionGuid = {0B0EB0CA-4572-4591-8903-249BBC129061}
	EndGlobalSection
EndGlobal
